
Microsoft Visual Studio Solution File, Format Version 12.00
# Visual Studio Version 16
VisualStudioVersion = 16.0.34407.143
MinimumVisualStudioVersion = 10.0.40219.1
Project("{9A19103F-16F7-4668-BE54-9A1E7A4F7556}") = "application", "app\application.csproj", "{DCD05DD5-FFAA-4E59-901D-C9CCE9F2DAC1}"
EndProject
Project("{9A19103F-16F7-4668-BE54-9A1E7A4F7556}") = "Web.Api", "webAPI\Web.Api.csproj", "{B1BD4879-18F3-40E3-B035-445DA6C8DD3C}"
EndProject
Global
	GlobalSection(SolutionConfigurationPlatforms) = preSolution
		Debug|Any CPU = Debug|Any CPU
		Release|Any CPU = Release|Any CPU
	EndGlobalSection
	GlobalSection(ProjectConfigurationPlatforms) = postSolution
		{DCD05DD5-FFAA-4E59-901D-C9CCE9F2DAC1}.Debug|Any CPU.ActiveCfg = Debug|Any CPU
		{DCD05DD5-FFAA-4E59-901D-C9CCE9F2DAC1}.Debug|Any CPU.Build.0 = Debug|Any CPU
		{DCD05DD5-FFAA-4E59-901D-C9CCE9F2DAC1}.Release|Any CPU.ActiveCfg = Release|Any CPU
		{DCD05DD5-FFAA-4E59-901D-C9CCE9F2DAC1}.Release|Any CPU.Build.0 = Release|Any CPU
		{B1BD4879-18F3-40E3-B035-445DA6C8DD3C}.Debug|Any CPU.ActiveCfg = Debug|Any CPU
		{B1BD4879-18F3-40E3-B035-445DA6C8DD3C}.Debug|Any CPU.Build.0 = Debug|Any CPU
		{B1BD4879-18F3-40E3-B035-445DA6C8DD3C}.Release|Any CPU.ActiveCfg = Release|Any CPU
		{B1BD4879-18F3-40E3-B035-445DA6C8DD3C}.Release|Any CPU.Build.0 = Release|Any CPU
	EndGlobalSection
	GlobalSection(SolutionProperties) = preSolution
		HideSolutionNode = FALSE
	EndGlobalSection
	GlobalSection(ExtensibilityGlobals) = postSolution
		SolutionGuid = {29AE1771-C8F9-4779-AA31-B8344FEBB4B8}
	EndGlobalSection
EndGlobal
